
Microsoft Visual Studio Solution File, Format Version 12.00
# Visual Studio Version 17
VisualStudioVersion = 17.2.32616.157
MinimumVisualStudioVersion = 10.0.40219.1
Project("{FAE04EC0-301F-11D3-BF4B-00C04F79EFBC}") = "MD", "MD\MD.csproj", "{BDCE9A28-323E-4C0C-957D-BCDBF96022D5}"
EndProject
Global
	GlobalSection(SolutionConfigurationPlatforms) = preSolution
		Debug|Any CPU = Debug|Any CPU
		Release|Any CPU = Release|Any CPU
	EndGlobalSection
	GlobalSection(ProjectConfigurationPlatforms) = postSolution
		{BDCE9A28-323E-4C0C-957D-BCDBF96022D5}.Debug|Any CPU.ActiveCfg = Debug|Any CPU
		{BDCE9A28-323E-4C0C-957D-BCDBF96022D5}.Debug|Any CPU.Build.0 = Debug|Any CPU
		{BDCE9A28-323E-4C0C-957D-BCDBF96022D5}.Release|Any CPU.ActiveCfg = Release|Any CPU
		{BDCE9A28-323E-4C0C-957D-BCDBF96022D5}.Release|Any CPU.Build.0 = Release|Any CPU
	EndGlobalSection
	GlobalSection(SolutionProperties) = preSolution
		HideSolutionNode = FALSE
	EndGlobalSection
	GlobalSection(ExtensibilityGlobals) = postSolution
		SolutionGuid = {A1DF30F9-63B7-4192-BB4D-CB0BEEDE127E}
	EndGlobalSection
EndGlobal
